
Microsoft Visual Studio Solution File, Format Version 12.00
# Visual Studio Version 17
VisualStudioVersion = 17.4.33213.308
MinimumVisualStudioVersion = 10.0.40219.1
Project("{FAE04EC0-301F-11D3-BF4B-00C04F79EFBC}") = "Ejercicio1.Android", "Ejercicio1.Android\Ejercicio1.Android.csproj", "{B08A83BE-D1F0-4679-9552-77E416B6782D}"
EndProject
Project("{FAE04EC0-301F-11D3-BF4B-00C04F79EFBC}") = "Ejercicio1", "Ejercicio1\Ejercicio1.csproj", "{628DF49B-E752-41D8-982F-B1C56B10C9B0}"
EndProject
Global
	GlobalSection(SolutionConfigurationPlatforms) = preSolution
		Debug|Any CPU = Debug|Any CPU
		Release|Any CPU = Release|Any CPU
	EndGlobalSection
	GlobalSection(ProjectConfigurationPlatforms) = postSolution
		{B08A83BE-D1F0-4679-9552-77E416B6782D}.Debug|Any CPU.ActiveCfg = Debug|Any CPU
		{B08A83BE-D1F0-4679-9552-77E416B6782D}.Debug|Any CPU.Build.0 = Debug|Any CPU
		{B08A83BE-D1F0-4679-9552-77E416B6782D}.Debug|Any CPU.Deploy.0 = Debug|Any CPU
		{B08A83BE-D1F0-4679-9552-77E416B6782D}.Release|Any CPU.ActiveCfg = Release|Any CPU
		{B08A83BE-D1F0-4679-9552-77E416B6782D}.Release|Any CPU.Build.0 = Release|Any CPU
		{B08A83BE-D1F0-4679-9552-77E416B6782D}.Release|Any CPU.Deploy.0 = Release|Any CPU
		{628DF49B-E752-41D8-982F-B1C56B10C9B0}.Debug|Any CPU.ActiveCfg = Debug|Any CPU
		{628DF49B-E752-41D8-982F-B1C56B10C9B0}.Debug|Any CPU.Build.0 = Debug|Any CPU
		{628DF49B-E752-41D8-982F-B1C56B10C9B0}.Debug|Any CPU.Deploy.0 = Debug|Any CPU
		{628DF49B-E752-41D8-982F-B1C56B10C9B0}.Release|Any CPU.ActiveCfg = Release|Any CPU
		{628DF49B-E752-41D8-982F-B1C56B10C9B0}.Release|Any CPU.Build.0 = Release|Any CPU
		{628DF49B-E752-41D8-982F-B1C56B10C9B0}.Release|Any CPU.Deploy.0 = Release|Any CPU
	EndGlobalSection
	GlobalSection(SolutionProperties) = preSolution
		HideSolutionNode = FALSE
	EndGlobalSection
	GlobalSection(ExtensibilityGlobals) = postSolution
		SolutionGuid = {58B0991E-B6EC-4FEE-9216-F173F1285B3F}
	EndGlobalSection
EndGlobal
